{
  "version": 4,
  "terraform_version": "1.5.0",
  "serial": 69,
  "lineage": "2f23aa88-0410-c834-51ed-b0e8f0167719",
  "outputs": {},
  "resources": [
    {
      "mode": "managed",
      "type": "google_container_cluster",
      "name": "my_cluster",
      "provider": "provider[\"registry.terraform.io/hashicorp/google\"]",
      "instances": [
        {
          "schema_version": 1,
          "attributes": {
            "addons_config": [
              {
                "cloudrun_config": [],
                "config_connector_config": [],
                "dns_cache_config": [],
                "gce_persistent_disk_csi_driver_config": [
                  {
                    "enabled": true
                  }
                ],
                "gcp_filestore_csi_driver_config": [],
                "gke_backup_agent_config": [],
                "horizontal_pod_autoscaling": [],
                "http_load_balancing": [],
                "network_policy_config": [
                  {
                    "disabled": true
                  }
                ]
              }
            ],
            "authenticator_groups_config": [],
            "binary_authorization": [
              {
                "enabled": false,
                "evaluation_mode": ""
              }
            ],
            "cluster_autoscaling": [
              {
                "auto_provisioning_defaults": [],
                "enabled": false,
                "resource_limits": []
              }
            ],
            "cluster_ipv4_cidr": "10.0.0.0/14",
            "confidential_nodes": [],
            "cost_management_config": [],
            "database_encryption": [
              {
                "key_name": "",
                "state": "DECRYPTED"
              }
            ],
            "datapath_provider": "",
            "default_max_pods_per_node": null,
            "default_snat_status": [
              {
                "disabled": false
              }
            ],
            "description": "",
            "dns_config": [],
            "enable_autopilot": false,
            "enable_binary_authorization": false,
            "enable_intranode_visibility": false,
            "enable_kubernetes_alpha": false,
            "enable_l4_ilb_subsetting": false,
            "enable_legacy_abac": false,
            "enable_shielded_nodes": true,
            "enable_tpu": false,
            "endpoint": "35.225.50.192",
            "gateway_api_config": [],
            "id": "projects/fleet-garage-389620/locations/us-central1-a/clusters/cost-optimized-cluster-1",
            "initial_node_count": 3,
            "ip_allocation_policy": [],
            "label_fingerprint": "a9dc16a7",
            "location": "us-central1-a",
            "logging_config": [
              {
                "enable_components": [
                  "SYSTEM_COMPONENTS",
                  "WORKLOADS"
                ]
              }
            ],
            "logging_service": "logging.googleapis.com/kubernetes",
            "maintenance_policy": [],
            "master_auth": [
              {
                "client_certificate": "",
                "client_certificate_config": [
                  {
                    "issue_client_certificate": false
                  }
                ],
                "client_key": "",
                "cluster_ca_certificate": "LS0tLS1CRUdJTiBDRVJUSUZJQ0FURS0tLS0tCk1JSUVMRENDQXBTZ0F3SUJBZ0lRV3hCbFZsZkhXRVNpck5halFkZ3hiekFOQmdrcWhraUc5dzBCQVFzRkFEQXYKTVMwd0t3WURWUVFERXlSaVl6UXhaRFppTkMxbE1EZGpMVFEzTjJNdFlqazFOQzAwTmpZM1pUTmxPV0UyWkdNdwpJQmNOTWpNd05qRTNNRE15T0RBNVdoZ1BNakExTXpBMk1Ea3dOREk0TURsYU1DOHhMVEFyQmdOVkJBTVRKR0pqCk5ERmtObUkwTFdVd04yTXRORGMzWXkxaU9UVTBMVFEyTmpkbE0yVTVZVFprWXpDQ0FhSXdEUVlKS29aSWh2Y04KQVFFQkJRQURnZ0dQQURDQ0FZb0NnZ0dCQUtmSU1OSjZkK0FkNWhCSVZqbFNoNTZIU3ErdHZqQmVveGk4bW0xRQplOWg1OWtIOEdaT3dRcmtweXBWTjVJZFd5blVTMHdaMDlNS3RYS3NrNDJSNjNDenhSZWE4SHZJTkFxSnBmQ2g4Cld6d3Q5ekpvZW45bUFGYnhqb0drR2QzT2ZxaDBVUjNoL0FKdHQzWmdiR3k5b1U2NGIyeEs0cU03RUNpUklDVncKZGpCUVVFTjFTQnB3b2ZhQW9Ja0VMdU5kdzJjVm5iNkk4TFkxTnU4Lyt6a2NMaVVEdXBiMTZlbnJrTEM2Ulp6Uwp3ZHBjRGkrQjhGM2lKQVJKTDBBS2krWXdrd2sveW1kUWJqNXZWQktVTDRMVWgxNE9VaHdLL2hTZFFlTG1DRURMCmRoaHNCdzYxYkI1UVdRYTlxU1ErbGpLclNCWEZlbkhwU1cvSTlRSHNCeDNqQ1daVjY2ZjAxeU5xT1FZeUxQcGMKM05BVHdsYnRzUzAzV0cyNFhrOGxScGxTandCQlpkUE0rTEJNTlZWejdGdGd4eEE5eUtMT21iOXJ1blE0NlA1SgpCRjZjNzJWeXRvd3czZE9RSGtkY1RvOXJvOC9hUlo0R0VpTElPS0hoZnR5NWgzc0RGakJZQnlQVUNuUDBnSGdOCk9tdFIrUjRRTGFhUjlJNlJlaDBvM2hMcktRSURBUUFCbzBJd1FEQU9CZ05WSFE4QkFmOEVCQU1DQWdRd0R3WUQKVlIwVEFRSC9CQVV3QXdFQi96QWRCZ05WSFE0RUZnUVVCTm80anRjZ0ZYdWxmRCsvRlUwZ1o3Q04ydUV3RFFZSgpLb1pJaHZjTkFRRUxCUUFEZ2dHQkFCN0RIb3BldkVtUXMyUFJTWDB0WVBHVndIVVhnYlUvU2NQRVdoU3hYOE1YCnk1bTRDQTNSb216ZDJzM0JsUytlQm1GcGtWSjBsc00vRE1scDluUlJhVHg4ckt0dzRwRjJsVW9mdVd0bmEyRC8KbDYyNk1HUEVwNUk5b2Ixd1lua2dsejhxZGlrNEl1R28yU3kwTFpuei9Vb2tQVlVRMTdxYWV3WEw0Nkl0Z0p6MwphanJpTmtNRVNwYWI5Y3BlUDVjSWNPWGFkemFTQlY0bVltazdJVXBSSnRkNFBjMUtrSTFxdkFHaWxnVlk3MnF5CklIOTJxTDFNYkhQbGJiZ3BmalllWnM0SjFhOUhXQkVpbzdpc1dIRmpONXhPemFBZExUUXVIVmRmMENsVHpJREoKN0dBcnIvVnlmY1g1NUc1YVovdGdEbGowanFHNEVScDE4aHJYZEdQY3FaRjc4azhreE5rR0g1a2lWOG5pOS9RYwp4YUtDUjd6endnUDRuNWVsZEthOG9jUVBTckdBZzl0dUc0ZHc4MHBramFBQ09FL2p0MlhWak5hRDhFMkRDbENlCjhhVEwxMmFrY0cvdW10UVlnRkRLY2VGQS9YTFNlcDE0RkxKR2dIZ0FRejRDWVRzSWQvR3A0Q0JLSW45Z2hEd2UKSDRUS281ZzhrZEk5elBSOW1PNU42QT09Ci0tLS0tRU5EIENFUlRJRklDQVRFLS0tLS0K"
              }
            ],
            "master_authorized_networks_config": [],
            "master_version": "1.25.8-gke.500",
            "mesh_certificates": [],
            "min_master_version": null,
            "monitoring_config": [
              {
                "enable_components": [
                  "SYSTEM_COMPONENTS"
                ],
                "managed_prometheus": []
              }
            ],
            "monitoring_service": "monitoring.googleapis.com/kubernetes",
            "name": "cost-optimized-cluster-1",
            "network": "projects/fleet-garage-389620/global/networks/default",
            "network_policy": [
              {
                "enabled": false,
                "provider": "PROVIDER_UNSPECIFIED"
              }
            ],
            "networking_mode": "ROUTES",
            "node_config": [
              {
                "advanced_machine_features": [],
                "boot_disk_kms_key": "",
                "disk_size_gb": 10,
                "disk_type": "pd-balanced",
                "ephemeral_storage_local_ssd_config": [],
                "gcfs_config": [],
                "guest_accelerator": [],
                "gvnic": [],
                "image_type": "COS_CONTAINERD",
                "kubelet_config": [],
                "labels": {},
                "linux_node_config": [],
                "local_nvme_ssd_block_config": [],
                "local_ssd_count": 0,
                "logging_variant": "DEFAULT",
                "machine_type": "e2-medium",
                "metadata": {
                  "disable-legacy-endpoints": "true"
                },
                "min_cpu_platform": "",
                "node_group": "",
                "oauth_scopes": [
                  "https://www.googleapis.com/auth/devstorage.read_only",
                  "https://www.googleapis.com/auth/logging.write",
                  "https://www.googleapis.com/auth/monitoring",
                  "https://www.googleapis.com/auth/service.management.readonly",
                  "https://www.googleapis.com/auth/servicecontrol",
                  "https://www.googleapis.com/auth/trace.append"
                ],
                "preemptible": false,
                "reservation_affinity": [],
                "resource_labels": null,
                "service_account": "default",
                "shielded_instance_config": [
                  {
                    "enable_integrity_monitoring": true,
                    "enable_secure_boot": false
                  }
                ],
                "spot": false,
                "tags": null,
                "taint": [],
                "workload_metadata_config": []
              }
            ],
            "node_locations": [],
            "node_pool": [
              {
                "autoscaling": [],
                "initial_node_count": 3,
                "instance_group_urls": [
                  "https://www.googleapis.com/compute/v1/projects/fleet-garage-389620/zones/us-central1-a/instanceGroupManagers/gke-cost-optimized-clust-default-pool-689c10c1-grp"
                ],
                "managed_instance_group_urls": [
                  "https://www.googleapis.com/compute/v1/projects/fleet-garage-389620/zones/us-central1-a/instanceGroups/gke-cost-optimized-clust-default-pool-689c10c1-grp"
                ],
                "management": [
                  {
                    "auto_repair": true,
                    "auto_upgrade": true
                  }
                ],
                "max_pods_per_node": 0,
                "name": "default-pool",
                "name_prefix": "",
                "network_config": [
                  {
                    "create_pod_range": false,
                    "enable_private_nodes": false,
                    "pod_cidr_overprovision_config": [],
                    "pod_ipv4_cidr_block": "",
                    "pod_range": ""
                  }
                ],
                "node_config": [
                  {
                    "advanced_machine_features": [],
                    "boot_disk_kms_key": "",
                    "disk_size_gb": 10,
                    "disk_type": "pd-balanced",
                    "ephemeral_storage_local_ssd_config": [],
                    "gcfs_config": [],
                    "guest_accelerator": [],
                    "gvnic": [],
                    "image_type": "COS_CONTAINERD",
                    "kubelet_config": [],
                    "labels": {},
                    "linux_node_config": [],
                    "local_nvme_ssd_block_config": [],
                    "local_ssd_count": 0,
                    "logging_variant": "DEFAULT",
                    "machine_type": "e2-medium",
                    "metadata": {
                      "disable-legacy-endpoints": "true"
                    },
                    "min_cpu_platform": "",
                    "node_group": "",
                    "oauth_scopes": [
                      "https://www.googleapis.com/auth/devstorage.read_only",
                      "https://www.googleapis.com/auth/logging.write",
                      "https://www.googleapis.com/auth/monitoring",
                      "https://www.googleapis.com/auth/service.management.readonly",
                      "https://www.googleapis.com/auth/servicecontrol",
                      "https://www.googleapis.com/auth/trace.append"
                    ],
                    "preemptible": false,
                    "reservation_affinity": [],
                    "resource_labels": {},
                    "service_account": "default",
                    "shielded_instance_config": [
                      {
                        "enable_integrity_monitoring": true,
                        "enable_secure_boot": false
                      }
                    ],
                    "spot": false,
                    "tags": [],
                    "taint": [],
                    "workload_metadata_config": []
                  }
                ],
                "node_count": 3,
                "node_locations": [
                  "us-central1-a"
                ],
                "placement_policy": [],
                "upgrade_settings": [
                  {
                    "blue_green_settings": [],
                    "max_surge": 1,
                    "max_unavailable": 0,
                    "strategy": "SURGE"
                  }
                ],
                "version": "1.25.8-gke.500"
              }
            ],
            "node_pool_defaults": [
              {
                "node_config_defaults": [
                  {
                    "logging_variant": "DEFAULT"
                  }
                ]
              }
            ],
            "node_version": "1.25.8-gke.500",
            "notification_config": [
              {
                "pubsub": [
                  {
                    "enabled": false,
                    "filter": [],
                    "topic": ""
                  }
                ]
              }
            ],
            "operation": null,
            "private_cluster_config": [
              {
                "enable_private_endpoint": false,
                "enable_private_nodes": false,
                "master_global_access_config": [
                  {
                    "enabled": false
                  }
                ],
                "master_ipv4_cidr_block": "",
                "peering_name": "",
                "private_endpoint": "10.128.15.205",
                "private_endpoint_subnetwork": "",
                "public_endpoint": "35.225.50.192"
              }
            ],
            "private_ipv6_google_access": "",
            "project": "fleet-garage-389620",
            "release_channel": [
              {
                "channel": "REGULAR"
              }
            ],
            "remove_default_node_pool": null,
            "resource_labels": null,
            "resource_usage_export_config": [],
            "self_link": "https://container.googleapis.com/v1/projects/fleet-garage-389620/zones/us-central1-a/clusters/cost-optimized-cluster-1",
            "service_external_ips_config": [
              {
                "enabled": false
              }
            ],
            "services_ipv4_cidr": "10.3.240.0/20",
            "subnetwork": "projects/fleet-garage-389620/regions/us-central1/subnetworks/default",
            "timeouts": null,
            "tpu_ipv4_cidr_block": "",
            "vertical_pod_autoscaling": [],
            "workload_identity_config": []
          },
          "sensitive_attributes": [],
          "private": "eyJlMmJmYjczMC1lY2FhLTExZTYtOGY4OC0zNDM2M2JjN2M0YzAiOnsiY3JlYXRlIjoyNDAwMDAwMDAwMDAwLCJkZWxldGUiOjI0MDAwMDAwMDAwMDAsInJlYWQiOjI0MDAwMDAwMDAwMDAsInVwZGF0ZSI6MzYwMDAwMDAwMDAwMH0sInNjaGVtYV92ZXJzaW9uIjoiMSJ9"
        }
      ]
    }
  ],
  "check_results": null
}
