{
  "version": 4,
  "terraform_version": "1.5.0",
  "serial": 71,
  "lineage": "2f23aa88-0410-c834-51ed-b0e8f0167719",
  "outputs": {},
  "resources": [
    {
      "mode": "managed",
      "type": "google_container_cluster",
      "name": "my_cluster",
      "provider": "provider[\"registry.terraform.io/hashicorp/google\"]",
      "instances": [
        {
          "schema_version": 1,
          "attributes": {
            "addons_config": [
              {
                "cloudrun_config": [],
                "config_connector_config": [],
                "dns_cache_config": [],
                "gce_persistent_disk_csi_driver_config": [
                  {
                    "enabled": true
                  }
                ],
                "gcp_filestore_csi_driver_config": [],
                "gke_backup_agent_config": [],
                "horizontal_pod_autoscaling": [],
                "http_load_balancing": [],
                "network_policy_config": [
                  {
                    "disabled": true
                  }
                ]
              }
            ],
            "authenticator_groups_config": [],
            "binary_authorization": [
              {
                "enabled": false,
                "evaluation_mode": ""
              }
            ],
            "cluster_autoscaling": [
              {
                "auto_provisioning_defaults": [],
                "enabled": false,
                "resource_limits": []
              }
            ],
            "cluster_ipv4_cidr": "10.0.0.0/14",
            "confidential_nodes": [],
            "cost_management_config": [],
            "database_encryption": [
              {
                "key_name": "",
                "state": "DECRYPTED"
              }
            ],
            "datapath_provider": "",
            "default_max_pods_per_node": null,
            "default_snat_status": [
              {
                "disabled": false
              }
            ],
            "description": "",
            "dns_config": [],
            "enable_autopilot": false,
            "enable_binary_authorization": false,
            "enable_intranode_visibility": false,
            "enable_kubernetes_alpha": false,
            "enable_l4_ilb_subsetting": false,
            "enable_legacy_abac": false,
            "enable_shielded_nodes": true,
            "enable_tpu": false,
            "endpoint": "34.68.149.189",
            "gateway_api_config": [],
            "id": "projects/fleet-garage-389620/locations/us-central1-a/clusters/cost-optimized-cluster-1",
            "initial_node_count": 3,
            "ip_allocation_policy": [],
            "label_fingerprint": "a9dc16a7",
            "location": "us-central1-a",
            "logging_config": [
              {
                "enable_components": [
                  "SYSTEM_COMPONENTS",
                  "WORKLOADS"
                ]
              }
            ],
            "logging_service": "logging.googleapis.com/kubernetes",
            "maintenance_policy": [],
            "master_auth": [
              {
                "client_certificate": "",
                "client_certificate_config": [
                  {
                    "issue_client_certificate": false
                  }
                ],
                "client_key": "",
                "cluster_ca_certificate": "LS0tLS1CRUdJTiBDRVJUSUZJQ0FURS0tLS0tCk1JSUVMVENDQXBXZ0F3SUJBZ0lSQVA2QTJPUzJmUlRON1l4V2VRVm90Nkl3RFFZSktvWklodmNOQVFFTEJRQXcKTHpFdE1Dc0dBMVVFQXhNa056QTNZbU0xTVRVdE1USmxNUzAwTldVeUxXSTBZak10T0RFeFlqWm1PVGd6TkdFNQpNQ0FYRFRJek1EWXhOekEwTURNeE5Wb1lEekl3TlRNd05qQTVNRFV3TXpFMVdqQXZNUzB3S3dZRFZRUURFeVEzCk1EZGlZelV4TlMweE1tVXhMVFExWlRJdFlqUmlNeTA0TVRGaU5tWTVPRE0wWVRrd2dnR2lNQTBHQ1NxR1NJYjMKRFFFQkFRVUFBNElCandBd2dnR0tBb0lCZ1FEY2VMM3RCWWdzVkRYb3EvaHl5THNlOFByZ1ZraWdJN0g5YlFUTQpVMjRWV1V3MVB4TWtZZDZLWG5GNkJlWU9MTlRFcW9MQWpvOXcyNGE2SC9Pc2Q0Qk52ZHQ0cDFvcVNsOGpMaGRtCnJCYlgyc2Z5a1Y4Lzg0d242bzhOVHBlR3JzcE5yMWRxK3NXTkNtR1VuMFpyeE9QbDBHLzZGZHo5TVBLQ1g0YjcKR3NGbW1wVDI4TnFROGM5M2ZYekI0ZlFRRmVQTjBOK0M2YWE1QTRTckFsck5ZNzVUVzJqTDhhZlpzcUdHWkoxUQpHNU9aQy90Um5MQ29IcUF5VkNuRk5qMDRJQm1wOTRQSjdIakJmaTZEejQrVzhyemkxQjF3Zi84N2hQNEpwSFdWClN2Z01DbU5Fc2ZUMUFXVXltL2E5bzNXV0w5bjV6NWhOQk9XdzR1Sm5WbnZxeDAwTzZqa3FWeUMvVkhsUTc2MmkKTTVkakpBZ3NXSHFtQ2xyZFkzOWp5TGVqcWJSMzJDUTEyaHpHWDEvbmRmdkptNk1ISnF0ZmhjRkhtaklESTltZgo4b3ZUb0gvbVZIVmtqZWNISmhjZVlhd2tEcHJ2VGhwdlNTcWdjTFpDYzRPMnd1WHUxb2FQbUMzeEdpMnMxNEVmCjZhclY0bWpFdDVKU1FrWVdXcEttTTUwWjRlc0NBd0VBQWFOQ01FQXdEZ1lEVlIwUEFRSC9CQVFEQWdJRU1BOEcKQTFVZEV3RUIvd1FGTUFNQkFmOHdIUVlEVlIwT0JCWUVGTW1VNDFqeVNNZ3pjOTZyaTZiNUN2emhnanZuTUEwRwpDU3FHU0liM0RRRUJDd1VBQTRJQmdRQ2o2Vnk5V0tNY3h0Smt0UVpYR3VyM05QMXFMdFJUQTc5Q2pJc2lILzNzClVLNmhSS0doUXJpWi9Ldi8xNzNLOERjSGJwK01veFRsaG1DcVh0TTY5dEhOa081ZTYzNWljZFZxRnFyYktyZGgKeVMyZi9hcFdMYXE0ajFIZE9LTDdFWmhPTkd4S1BuN3B3VUhoOTdDKysxOHhVeUJOS2hZYkVUaWlpNEQ1VkVOOAoxOHlVQ0dUWUU4UXFxNW1mYjRGVjMxVEl5Yk9wdXhoWkNKdnhwL044ODROT2FwekgzNEVnS3dyS0IrYm1BQVVOCm5TL0ZKcUpGY1Q2UGZoOTZDOXFxeFZndlErUXNXcDRNcWs3MlhydU1xRXdOdTBkZm9XcG5PWU9TZUZwcGZHbTEKM0pER3U3WFpwalByOFpPQU5BR3UzcUhJOTZyNldESlJjVURuWVcvNHBKNENKMG5UUUQ4VU5iandPdE1QVGgwdAo4OGVOc2xMUHZlTEFiU1kzU0dtb1hGZWE1Y0ZsbFV0Q3BDRjRMNm1ieC80QzArMlZMVU1mNU1CQ2tZNUNoYUhBCi9UVldTNlpESTRsOXB6Z3NjT0hHdUJKM3ptbmJtZDB2eUZJa0pSTjkxM2txZHh0NmhMVnFyTFlYUDdzcnhRZFEKVGNvK1RLQTVyTlk5Y1F2RDY2VGtXUTQ9Ci0tLS0tRU5EIENFUlRJRklDQVRFLS0tLS0K"
              }
            ],
            "master_authorized_networks_config": [],
            "master_version": "1.25.8-gke.500",
            "mesh_certificates": [],
            "min_master_version": null,
            "monitoring_config": [
              {
                "enable_components": [
                  "SYSTEM_COMPONENTS"
                ],
                "managed_prometheus": []
              }
            ],
            "monitoring_service": "monitoring.googleapis.com/kubernetes",
            "name": "cost-optimized-cluster-1",
            "network": "projects/fleet-garage-389620/global/networks/default",
            "network_policy": [
              {
                "enabled": false,
                "provider": "PROVIDER_UNSPECIFIED"
              }
            ],
            "networking_mode": "ROUTES",
            "node_config": [
              {
                "advanced_machine_features": [],
                "boot_disk_kms_key": "",
                "disk_size_gb": 25,
                "disk_type": "pd-balanced",
                "ephemeral_storage_local_ssd_config": [],
                "gcfs_config": [],
                "guest_accelerator": [],
                "gvnic": [],
                "image_type": "COS_CONTAINERD",
                "kubelet_config": [],
                "labels": {},
                "linux_node_config": [],
                "local_nvme_ssd_block_config": [],
                "local_ssd_count": 0,
                "logging_variant": "DEFAULT",
                "machine_type": "e2-medium",
                "metadata": {
                  "disable-legacy-endpoints": "true"
                },
                "min_cpu_platform": "",
                "node_group": "",
                "oauth_scopes": [
                  "https://www.googleapis.com/auth/devstorage.read_only",
                  "https://www.googleapis.com/auth/logging.write",
                  "https://www.googleapis.com/auth/monitoring",
                  "https://www.googleapis.com/auth/service.management.readonly",
                  "https://www.googleapis.com/auth/servicecontrol",
                  "https://www.googleapis.com/auth/trace.append"
                ],
                "preemptible": false,
                "reservation_affinity": [],
                "resource_labels": null,
                "service_account": "default",
                "shielded_instance_config": [
                  {
                    "enable_integrity_monitoring": true,
                    "enable_secure_boot": false
                  }
                ],
                "spot": false,
                "tags": null,
                "taint": [],
                "workload_metadata_config": []
              }
            ],
            "node_locations": [],
            "node_pool": [
              {
                "autoscaling": [],
                "initial_node_count": 3,
                "instance_group_urls": [
                  "https://www.googleapis.com/compute/v1/projects/fleet-garage-389620/zones/us-central1-a/instanceGroupManagers/gke-cost-optimized-clust-default-pool-6af31903-grp"
                ],
                "managed_instance_group_urls": [
                  "https://www.googleapis.com/compute/v1/projects/fleet-garage-389620/zones/us-central1-a/instanceGroups/gke-cost-optimized-clust-default-pool-6af31903-grp"
                ],
                "management": [
                  {
                    "auto_repair": true,
                    "auto_upgrade": true
                  }
                ],
                "max_pods_per_node": 0,
                "name": "default-pool",
                "name_prefix": "",
                "network_config": [
                  {
                    "create_pod_range": false,
                    "enable_private_nodes": false,
                    "pod_cidr_overprovision_config": [],
                    "pod_ipv4_cidr_block": "",
                    "pod_range": ""
                  }
                ],
                "node_config": [
                  {
                    "advanced_machine_features": [],
                    "boot_disk_kms_key": "",
                    "disk_size_gb": 25,
                    "disk_type": "pd-balanced",
                    "ephemeral_storage_local_ssd_config": [],
                    "gcfs_config": [],
                    "guest_accelerator": [],
                    "gvnic": [],
                    "image_type": "COS_CONTAINERD",
                    "kubelet_config": [],
                    "labels": {},
                    "linux_node_config": [],
                    "local_nvme_ssd_block_config": [],
                    "local_ssd_count": 0,
                    "logging_variant": "DEFAULT",
                    "machine_type": "e2-medium",
                    "metadata": {
                      "disable-legacy-endpoints": "true"
                    },
                    "min_cpu_platform": "",
                    "node_group": "",
                    "oauth_scopes": [
                      "https://www.googleapis.com/auth/devstorage.read_only",
                      "https://www.googleapis.com/auth/logging.write",
                      "https://www.googleapis.com/auth/monitoring",
                      "https://www.googleapis.com/auth/service.management.readonly",
                      "https://www.googleapis.com/auth/servicecontrol",
                      "https://www.googleapis.com/auth/trace.append"
                    ],
                    "preemptible": false,
                    "reservation_affinity": [],
                    "resource_labels": {},
                    "service_account": "default",
                    "shielded_instance_config": [
                      {
                        "enable_integrity_monitoring": true,
                        "enable_secure_boot": false
                      }
                    ],
                    "spot": false,
                    "tags": [],
                    "taint": [],
                    "workload_metadata_config": []
                  }
                ],
                "node_count": 3,
                "node_locations": [
                  "us-central1-a"
                ],
                "placement_policy": [],
                "upgrade_settings": [
                  {
                    "blue_green_settings": [],
                    "max_surge": 1,
                    "max_unavailable": 0,
                    "strategy": "SURGE"
                  }
                ],
                "version": "1.25.8-gke.500"
              }
            ],
            "node_pool_defaults": [
              {
                "node_config_defaults": [
                  {
                    "logging_variant": "DEFAULT"
                  }
                ]
              }
            ],
            "node_version": "1.25.8-gke.500",
            "notification_config": [
              {
                "pubsub": [
                  {
                    "enabled": false,
                    "filter": [],
                    "topic": ""
                  }
                ]
              }
            ],
            "operation": null,
            "private_cluster_config": [
              {
                "enable_private_endpoint": false,
                "enable_private_nodes": false,
                "master_global_access_config": [
                  {
                    "enabled": false
                  }
                ],
                "master_ipv4_cidr_block": "",
                "peering_name": "",
                "private_endpoint": "10.128.15.209",
                "private_endpoint_subnetwork": "",
                "public_endpoint": "34.68.149.189"
              }
            ],
            "private_ipv6_google_access": "",
            "project": "fleet-garage-389620",
            "release_channel": [
              {
                "channel": "REGULAR"
              }
            ],
            "remove_default_node_pool": null,
            "resource_labels": null,
            "resource_usage_export_config": [],
            "self_link": "https://container.googleapis.com/v1/projects/fleet-garage-389620/zones/us-central1-a/clusters/cost-optimized-cluster-1",
            "service_external_ips_config": [
              {
                "enabled": false
              }
            ],
            "services_ipv4_cidr": "10.3.240.0/20",
            "subnetwork": "projects/fleet-garage-389620/regions/us-central1/subnetworks/default",
            "timeouts": null,
            "tpu_ipv4_cidr_block": "",
            "vertical_pod_autoscaling": [],
            "workload_identity_config": []
          },
          "sensitive_attributes": [],
          "private": "eyJlMmJmYjczMC1lY2FhLTExZTYtOGY4OC0zNDM2M2JjN2M0YzAiOnsiY3JlYXRlIjoyNDAwMDAwMDAwMDAwLCJkZWxldGUiOjI0MDAwMDAwMDAwMDAsInJlYWQiOjI0MDAwMDAwMDAwMDAsInVwZGF0ZSI6MzYwMDAwMDAwMDAwMH0sInNjaGVtYV92ZXJzaW9uIjoiMSJ9"
        }
      ]
    }
  ],
  "check_results": null
}
